PODS:
  - ScreenRecorder (0.1.0)
  - SwiftyJSON (4.0.0)

DEPENDENCIES:
  - ScreenRecorder (from `../`)
  - SwiftyJSON (~> 4.0)

EXTERNAL SOURCES:
  ScreenRecorder:
    :path: ../

SPEC CHECKSUMS:
  ScreenRecorder: 0c5bd010a8a9d41885e83e1d7c13ea478f2e185d
  SwiftyJSON: 070dabdcb1beb81b247c65ffa3a79dbbfb3b48aa

PODFILE CHECKSUM: b32b1c44fedcd3acce9d19c0ea5cdc66353ddbca

COCOAPODS: 1.4.0
